
Microsoft Visual Studio Solution File, Format Version 12.00
# Visual Studio Version 17
VisualStudioVersion = 17.3.32811.315
MinimumVisualStudioVersion = 10.0.40219.1
Project("{FAE04EC0-301F-11D3-BF4B-00C04F79EFBC}") = "StudentDataFromText", "StudentDataFromText.csproj", "{ACC25B87-E218-4F3C-B737-2E4145879FAE}"
EndProject
Global
	GlobalSection(SolutionConfigurationPlatforms) = preSolution
		Debug|Any CPU = Debug|Any CPU
		Release|Any CPU = Release|Any CPU
	EndGlobalSection
	GlobalSection(ProjectConfigurationPlatforms) = postSolution
		{ACC25B87-E218-4F3C-B737-2E4145879FAE}.Debug|Any CPU.ActiveCfg = Debug|Any CPU
		{ACC25B87-E218-4F3C-B737-2E4145879FAE}.Debug|Any CPU.Build.0 = Debug|Any CPU
		{ACC25B87-E218-4F3C-B737-2E4145879FAE}.Release|Any CPU.ActiveCfg = Release|Any CPU
		{ACC25B87-E218-4F3C-B737-2E4145879FAE}.Release|Any CPU.Build.0 = Release|Any CPU
	EndGlobalSection
	GlobalSection(SolutionProperties) = preSolution
		HideSolutionNode = FALSE
	EndGlobalSection
	GlobalSection(ExtensibilityGlobals) = postSolution
		SolutionGuid = {F5778138-2262-4179-A7CC-927A7E45408C}
	EndGlobalSection
EndGlobal
