
Microsoft Visual Studio Solution File, Format Version 12.00
# Visual Studio Version 17
VisualStudioVersion = 17.3.32811.315
MinimumVisualStudioVersion = 10.0.40219.1
Project("{FAE04EC0-301F-11D3-BF4B-00C04F79EFBC}") = "Insertionsort", "Insertionsort.csproj", "{189B3E59-AC9B-4CAF-8E65-703A1CB2F08C}"
EndProject
Global
	GlobalSection(SolutionConfigurationPlatforms) = preSolution
		Debug|Any CPU = Debug|Any CPU
		Release|Any CPU = Release|Any CPU
	EndGlobalSection
	GlobalSection(ProjectConfigurationPlatforms) = postSolution
		{189B3E59-AC9B-4CAF-8E65-703A1CB2F08C}.Debug|Any CPU.ActiveCfg = Debug|Any CPU
		{189B3E59-AC9B-4CAF-8E65-703A1CB2F08C}.Debug|Any CPU.Build.0 = Debug|Any CPU
		{189B3E59-AC9B-4CAF-8E65-703A1CB2F08C}.Release|Any CPU.ActiveCfg = Release|Any CPU
		{189B3E59-AC9B-4CAF-8E65-703A1CB2F08C}.Release|Any CPU.Build.0 = Release|Any CPU
	EndGlobalSection
	GlobalSection(SolutionProperties) = preSolution
		HideSolutionNode = FALSE
	EndGlobalSection
	GlobalSection(ExtensibilityGlobals) = postSolution
		SolutionGuid = {66710615-A23C-444C-94A6-14B1FBCAFC68}
	EndGlobalSection
EndGlobal
