
Microsoft Visual Studio Solution File, Format Version 12.00
# Visual Studio Version 17
VisualStudioVersion = 17.3.32811.315
MinimumVisualStudioVersion = 10.0.40219.1
Project("{FAE04EC0-301F-11D3-BF4B-00C04F79EFBC}") = "Csharpbasics1", "Csharpbasics1.csproj", "{03242BF5-A0D4-4E78-A287-6C0CDDB9DFBA}"
EndProject
Global
	GlobalSection(SolutionConfigurationPlatforms) = preSolution
		Debug|Any CPU = Debug|Any CPU
		Release|Any CPU = Release|Any CPU
	EndGlobalSection
	GlobalSection(ProjectConfigurationPlatforms) = postSolution
		{03242BF5-A0D4-4E78-A287-6C0CDDB9DFBA}.Debug|Any CPU.ActiveCfg = Debug|Any CPU
		{03242BF5-A0D4-4E78-A287-6C0CDDB9DFBA}.Debug|Any CPU.Build.0 = Debug|Any CPU
		{03242BF5-A0D4-4E78-A287-6C0CDDB9DFBA}.Release|Any CPU.ActiveCfg = Release|Any CPU
		{03242BF5-A0D4-4E78-A287-6C0CDDB9DFBA}.Release|Any CPU.Build.0 = Release|Any CPU
	EndGlobalSection
	GlobalSection(SolutionProperties) = preSolution
		HideSolutionNode = FALSE
	EndGlobalSection
	GlobalSection(ExtensibilityGlobals) = postSolution
		SolutionGuid = {07B4FC68-6D7B-4482-9F8C-7A7B699A8F19}
	EndGlobalSection
EndGlobal
